
Microsoft Visual Studio Solution File, Format Version 12.00
# Visual Studio Version 17
VisualStudioVersion = 17.7.34202.233
MinimumVisualStudioVersion = 10.0.40219.1
Project("{9A19103F-16F7-4668-BE54-9A1E7A4F7556}") = "PanoramaApi", "PanoramaApi.csproj", "{1DF435BD-2CC9-4B8F-A925-8F0D88BD8173}"
EndProject
Global
	GlobalSection(SolutionConfigurationPlatforms) = preSolution
		Debug|Any CPU = Debug|Any CPU
		Release|Any CPU = Release|Any CPU
	EndGlobalSection
	GlobalSection(ProjectConfigurationPlatforms) = postSolution
		{1DF435BD-2CC9-4B8F-A925-8F0D88BD8173}.Debug|Any CPU.ActiveCfg = Debug|Any CPU
		{1DF435BD-2CC9-4B8F-A925-8F0D88BD8173}.Debug|Any CPU.Build.0 = Debug|Any CPU
		{1DF435BD-2CC9-4B8F-A925-8F0D88BD8173}.Release|Any CPU.ActiveCfg = Debug|Any CPU
		{1DF435BD-2CC9-4B8F-A925-8F0D88BD8173}.Release|Any CPU.Build.0 = Debug|Any CPU
	EndGlobalSection
	GlobalSection(SolutionProperties) = preSolution
		HideSolutionNode = FALSE
	EndGlobalSection
	GlobalSection(ExtensibilityGlobals) = postSolution
		SolutionGuid = {515C86D9-8A54-4E2B-BA73-6E3F5C46DB83}
	EndGlobalSection
EndGlobal
